
Microsoft Visual Studio Solution File, Format Version 12.00
# Visual Studio Version 17
VisualStudioVersion = 17.1.32210.238
MinimumVisualStudioVersion = 10.0.40219.1
Project("{FAE04EC0-301F-11D3-BF4B-00C04F79EFBC}") = "Proyecto.Suerte.ApiReall", "Proyecto.Suerte.ApiReall.csproj", "{C65930DD-3BC4-452C-9404-6124389ABC0C}"
EndProject
Global
	GlobalSection(SolutionConfigurationPlatforms) = preSolution
		Debug|Any CPU = Debug|Any CPU
		Release|Any CPU = Release|Any CPU
	EndGlobalSection
	GlobalSection(ProjectConfigurationPlatforms) = postSolution
		{C65930DD-3BC4-452C-9404-6124389ABC0C}.Debug|Any CPU.ActiveCfg = Debug|Any CPU
		{C65930DD-3BC4-452C-9404-6124389ABC0C}.Debug|Any CPU.Build.0 = Debug|Any CPU
		{C65930DD-3BC4-452C-9404-6124389ABC0C}.Release|Any CPU.ActiveCfg = Release|Any CPU
		{C65930DD-3BC4-452C-9404-6124389ABC0C}.Release|Any CPU.Build.0 = Release|Any CPU
	EndGlobalSection
	GlobalSection(SolutionProperties) = preSolution
		HideSolutionNode = FALSE
	EndGlobalSection
	GlobalSection(ExtensibilityGlobals) = postSolution
		SolutionGuid = {8EC77CB8-D8E8-4004-BB4D-473F20FEF584}
	EndGlobalSection
EndGlobal
